
Microsoft Visual Studio Solution File, Format Version 12.00
# Visual Studio 15
VisualStudioVersion = 15.0.27703.2035
MinimumVisualStudioVersion = 10.0.40219.1
Project("{FAE04EC0-301F-11D3-BF4B-00C04F79EFBC}") = "WcfServiceWeb", "WcfServiceWeb\WcfServiceWeb.csproj", "{D7B632A1-B080-4206-8C90-2DAC7B975A3D}"
EndProject
Project("{FAE04EC0-301F-11D3-BF4B-00C04F79EFBC}") = "InterfaceLib", "InterfaceLib\InterfaceLib.csproj", "{60FA9530-18EF-4728-BF10-6358AE52CBD6}"
EndProject
Project("{FAE04EC0-301F-11D3-BF4B-00C04F79EFBC}") = "BizLib", "BizLib\BizLib.csproj", "{F66D2A84-4934-4140-BFDA-0E3CD563A262}"
EndProject
Project("{FAE04EC0-301F-11D3-BF4B-00C04F79EFBC}") = "WcfClientApp", "WcfClientApp\WcfClientApp.csproj", "{2F259581-61DF-4957-898B-67892CAF8312}"
EndProject
Global
	GlobalSection(SolutionConfigurationPlatforms) = preSolution
		Debug|Any CPU = Debug|Any CPU
		Release|Any CPU = Release|Any CPU
	EndGlobalSection
	GlobalSection(ProjectConfigurationPlatforms) = postSolution
		{D7B632A1-B080-4206-8C90-2DAC7B975A3D}.Debug|Any CPU.ActiveCfg = Debug|Any CPU
		{D7B632A1-B080-4206-8C90-2DAC7B975A3D}.Debug|Any CPU.Build.0 = Debug|Any CPU
		{D7B632A1-B080-4206-8C90-2DAC7B975A3D}.Release|Any CPU.ActiveCfg = Release|Any CPU
		{D7B632A1-B080-4206-8C90-2DAC7B975A3D}.Release|Any CPU.Build.0 = Release|Any CPU
		{60FA9530-18EF-4728-BF10-6358AE52CBD6}.Debug|Any CPU.ActiveCfg = Debug|Any CPU
		{60FA9530-18EF-4728-BF10-6358AE52CBD6}.Debug|Any CPU.Build.0 = Debug|Any CPU
		{60FA9530-18EF-4728-BF10-6358AE52CBD6}.Release|Any CPU.ActiveCfg = Release|Any CPU
		{60FA9530-18EF-4728-BF10-6358AE52CBD6}.Release|Any CPU.Build.0 = Release|Any CPU
		{F66D2A84-4934-4140-BFDA-0E3CD563A262}.Debug|Any CPU.ActiveCfg = Debug|Any CPU
		{F66D2A84-4934-4140-BFDA-0E3CD563A262}.Debug|Any CPU.Build.0 = Debug|Any CPU
		{F66D2A84-4934-4140-BFDA-0E3CD563A262}.Release|Any CPU.ActiveCfg = Release|Any CPU
		{F66D2A84-4934-4140-BFDA-0E3CD563A262}.Release|Any CPU.Build.0 = Release|Any CPU
		{2F259581-61DF-4957-898B-67892CAF8312}.Debug|Any CPU.ActiveCfg = Debug|Any CPU
		{2F259581-61DF-4957-898B-67892CAF8312}.Debug|Any CPU.Build.0 = Debug|Any CPU
		{2F259581-61DF-4957-898B-67892CAF8312}.Release|Any CPU.ActiveCfg = Release|Any CPU
		{2F259581-61DF-4957-898B-67892CAF8312}.Release|Any CPU.Build.0 = Release|Any CPU
	EndGlobalSection
	GlobalSection(SolutionProperties) = preSolution
		HideSolutionNode = FALSE
	EndGlobalSection
	GlobalSection(ExtensibilityGlobals) = postSolution
		SolutionGuid = {8D6E7D10-5FFB-45FB-9E90-DE3B2100AD3C}
	EndGlobalSection
EndGlobal
