
Microsoft Visual Studio Solution File, Format Version 12.00
# Visual Studio Version 17
VisualStudioVersion = 17.1.32319.34
MinimumVisualStudioVersion = 10.0.40219.1
Project("{9A19103F-16F7-4668-BE54-9A1E7A4F7556}") = "simple_logging", "simple_logging\simple_logging.csproj", "{F0FD0F11-0BCC-4652-AC00-4D12880D326C}"
EndProject
Project("{9A19103F-16F7-4668-BE54-9A1E7A4F7556}") = "logger_nameleveling_sample", "logger_nameleveling_sample\logger_nameleveling_sample.csproj", "{D9A01D72-A70E-44EC-802A-5163EBF61437}"
EndProject
Project("{9A19103F-16F7-4668-BE54-9A1E7A4F7556}") = "trouble_shooting_sample", "trouble_shooting_sample\trouble_shooting_sample.csproj", "{50664FC9-9ED8-4E94-A0AA-FE80B3CECCD4}"
EndProject
Project("{FAE04EC0-301F-11D3-BF4B-00C04F79EFBC}") = "textfile_logger_sample", "textfile_logger_sample\textfile_logger_sample.csproj", "{07BE1D5E-A98F-4A4D-8655-3ED9BA742D4B}"
EndProject
Global
	GlobalSection(SolutionConfigurationPlatforms) = preSolution
		Debug|Any CPU = Debug|Any CPU
		Release|Any CPU = Release|Any CPU
	EndGlobalSection
	GlobalSection(ProjectConfigurationPlatforms) = postSolution
		{F0FD0F11-0BCC-4652-AC00-4D12880D326C}.Debug|Any CPU.ActiveCfg = Debug|Any CPU
		{F0FD0F11-0BCC-4652-AC00-4D12880D326C}.Debug|Any CPU.Build.0 = Debug|Any CPU
		{F0FD0F11-0BCC-4652-AC00-4D12880D326C}.Release|Any CPU.ActiveCfg = Release|Any CPU
		{F0FD0F11-0BCC-4652-AC00-4D12880D326C}.Release|Any CPU.Build.0 = Release|Any CPU
		{D9A01D72-A70E-44EC-802A-5163EBF61437}.Debug|Any CPU.ActiveCfg = Debug|Any CPU
		{D9A01D72-A70E-44EC-802A-5163EBF61437}.Debug|Any CPU.Build.0 = Debug|Any CPU
		{D9A01D72-A70E-44EC-802A-5163EBF61437}.Release|Any CPU.ActiveCfg = Release|Any CPU
		{D9A01D72-A70E-44EC-802A-5163EBF61437}.Release|Any CPU.Build.0 = Release|Any CPU
		{50664FC9-9ED8-4E94-A0AA-FE80B3CECCD4}.Debug|Any CPU.ActiveCfg = Debug|Any CPU
		{50664FC9-9ED8-4E94-A0AA-FE80B3CECCD4}.Debug|Any CPU.Build.0 = Debug|Any CPU
		{50664FC9-9ED8-4E94-A0AA-FE80B3CECCD4}.Release|Any CPU.ActiveCfg = Release|Any CPU
		{50664FC9-9ED8-4E94-A0AA-FE80B3CECCD4}.Release|Any CPU.Build.0 = Release|Any CPU
		{07BE1D5E-A98F-4A4D-8655-3ED9BA742D4B}.Debug|Any CPU.ActiveCfg = Debug|Any CPU
		{07BE1D5E-A98F-4A4D-8655-3ED9BA742D4B}.Debug|Any CPU.Build.0 = Debug|Any CPU
		{07BE1D5E-A98F-4A4D-8655-3ED9BA742D4B}.Release|Any CPU.ActiveCfg = Release|Any CPU
		{07BE1D5E-A98F-4A4D-8655-3ED9BA742D4B}.Release|Any CPU.Build.0 = Release|Any CPU
	EndGlobalSection
	GlobalSection(SolutionProperties) = preSolution
		HideSolutionNode = FALSE
	EndGlobalSection
	GlobalSection(ExtensibilityGlobals) = postSolution
		SolutionGuid = {65671262-14D9-40FE-AD9B-0EE7A1691433}
	EndGlobalSection
EndGlobal
