
Microsoft Visual Studio Solution File, Format Version 12.00
# Visual Studio 15
VisualStudioVersion = 15.0.28307.168
MinimumVisualStudioVersion = 10.0.40219.1
Project("{FAE04EC0-301F-11D3-BF4B-00C04F79EFBC}") = "ServiceWeb", "ServiceWeb\ServiceWeb.csproj", "{63EB4766-97E5-4364-951F-401B5D3AE220}"
EndProject
Project("{FAE04EC0-301F-11D3-BF4B-00C04F79EFBC}") = "AppWeb", "AppWeb\AppWeb.csproj", "{D4898857-4A3F-43B3-8646-CF591DB7CABB}"
EndProject
Global
	GlobalSection(SolutionConfigurationPlatforms) = preSolution
		Debug|Any CPU = Debug|Any CPU
		Release|Any CPU = Release|Any CPU
	EndGlobalSection
	GlobalSection(ProjectConfigurationPlatforms) = postSolution
		{63EB4766-97E5-4364-951F-401B5D3AE220}.Debug|Any CPU.ActiveCfg = Debug|Any CPU
		{63EB4766-97E5-4364-951F-401B5D3AE220}.Debug|Any CPU.Build.0 = Debug|Any CPU
		{63EB4766-97E5-4364-951F-401B5D3AE220}.Release|Any CPU.ActiveCfg = Release|Any CPU
		{63EB4766-97E5-4364-951F-401B5D3AE220}.Release|Any CPU.Build.0 = Release|Any CPU
		{D4898857-4A3F-43B3-8646-CF591DB7CABB}.Debug|Any CPU.ActiveCfg = Debug|Any CPU
		{D4898857-4A3F-43B3-8646-CF591DB7CABB}.Debug|Any CPU.Build.0 = Debug|Any CPU
		{D4898857-4A3F-43B3-8646-CF591DB7CABB}.Release|Any CPU.ActiveCfg = Release|Any CPU
		{D4898857-4A3F-43B3-8646-CF591DB7CABB}.Release|Any CPU.Build.0 = Release|Any CPU
	EndGlobalSection
	GlobalSection(SolutionProperties) = preSolution
		HideSolutionNode = FALSE
	EndGlobalSection
	GlobalSection(ExtensibilityGlobals) = postSolution
		SolutionGuid = {5A92D0B4-4222-409B-9CA9-CFD436438B67}
	EndGlobalSection
	GlobalSection(TeamFoundationVersionControl) = preSolution
		SccNumberOfProjects = 3
		SccEnterpriseProvider = {4CA58AB2-18FA-4F8D-95D4-32DDF27D184C}
		SccTeamFoundationServer = https://simpleisbest.visualstudio.com/
		SccLocalPath0 = .
		SccProjectUniqueName1 = AppWeb\\AppWeb.csproj
		SccProjectName1 = AppWeb
		SccLocalPath1 = AppWeb
		SccProjectUniqueName2 = ServiceWeb\\ServiceWeb.csproj
		SccProjectName2 = ServiceWeb
		SccLocalPath2 = ServiceWeb
	EndGlobalSection
EndGlobal
