
Microsoft Visual Studio Solution File, Format Version 12.00
# Visual Studio Version 17
VisualStudioVersion = 17.0.32112.339
MinimumVisualStudioVersion = 10.0.40219.1
Project("{FAE04EC0-301F-11D3-BF4B-00C04F79EFBC}") = "custom_section", "custom_section\custom_section.csproj", "{E69F0BA6-5425-4C9F-A869-7FF630F5C9D5}"
EndProject
Global
	GlobalSection(SolutionConfigurationPlatforms) = preSolution
		Debug|Any CPU = Debug|Any CPU
		Release|Any CPU = Release|Any CPU
	EndGlobalSection
	GlobalSection(ProjectConfigurationPlatforms) = postSolution
		{E69F0BA6-5425-4C9F-A869-7FF630F5C9D5}.Debug|Any CPU.ActiveCfg = Debug|Any CPU
		{E69F0BA6-5425-4C9F-A869-7FF630F5C9D5}.Debug|Any CPU.Build.0 = Debug|Any CPU
		{E69F0BA6-5425-4C9F-A869-7FF630F5C9D5}.Release|Any CPU.ActiveCfg = Release|Any CPU
		{E69F0BA6-5425-4C9F-A869-7FF630F5C9D5}.Release|Any CPU.Build.0 = Release|Any CPU
	EndGlobalSection
	GlobalSection(SolutionProperties) = preSolution
		HideSolutionNode = FALSE
	EndGlobalSection
	GlobalSection(ExtensibilityGlobals) = postSolution
		SolutionGuid = {25F9C25C-EE96-41AF-AD5F-DDA0D674EF9E}
	EndGlobalSection
EndGlobal
