
Microsoft Visual Studio Solution File, Format Version 12.00
# Visual Studio Version 16
VisualStudioVersion = 16.0.29215.179
MinimumVisualStudioVersion = 10.0.40219.1
Project("{FAE04EC0-301F-11D3-BF4B-00C04F79EFBC}") = "DataServiceWeb", "DataServiceWeb\DataServiceWeb.csproj", "{B14C9797-09DA-4E48-8ADA-2DCAE67D6682}"
EndProject
Project("{FAE04EC0-301F-11D3-BF4B-00C04F79EFBC}") = "DataServiceClient", "DataServiceClient\DataServiceClient.csproj", "{0DC40A24-2D98-4C0C-8081-0A6B6BF2445E}"
EndProject
Project("{FAE04EC0-301F-11D3-BF4B-00C04F79EFBC}") = "CommonLib", "CommonLib\CommonLib.csproj", "{73404433-867F-4FB4-ADFC-02410181DF53}"
EndProject
Project("{2150E333-8FDC-42A3-9474-1A3956D46DE8}") = "Solution Items", "Solution Items", "{F04487AE-502E-492F-98F6-8E032BB7A8C4}"
	ProjectSection(SolutionItems) = preProject
		README.md = README.md
	EndProjectSection
EndProject
Global
	GlobalSection(SolutionConfigurationPlatforms) = preSolution
		Debug|Any CPU = Debug|Any CPU
		Release|Any CPU = Release|Any CPU
	EndGlobalSection
	GlobalSection(ProjectConfigurationPlatforms) = postSolution
		{B14C9797-09DA-4E48-8ADA-2DCAE67D6682}.Debug|Any CPU.ActiveCfg = Debug|Any CPU
		{B14C9797-09DA-4E48-8ADA-2DCAE67D6682}.Debug|Any CPU.Build.0 = Debug|Any CPU
		{B14C9797-09DA-4E48-8ADA-2DCAE67D6682}.Release|Any CPU.ActiveCfg = Release|Any CPU
		{B14C9797-09DA-4E48-8ADA-2DCAE67D6682}.Release|Any CPU.Build.0 = Release|Any CPU
		{0DC40A24-2D98-4C0C-8081-0A6B6BF2445E}.Debug|Any CPU.ActiveCfg = Debug|Any CPU
		{0DC40A24-2D98-4C0C-8081-0A6B6BF2445E}.Debug|Any CPU.Build.0 = Debug|Any CPU
		{0DC40A24-2D98-4C0C-8081-0A6B6BF2445E}.Release|Any CPU.ActiveCfg = Release|Any CPU
		{0DC40A24-2D98-4C0C-8081-0A6B6BF2445E}.Release|Any CPU.Build.0 = Release|Any CPU
		{73404433-867F-4FB4-ADFC-02410181DF53}.Debug|Any CPU.ActiveCfg = Debug|Any CPU
		{73404433-867F-4FB4-ADFC-02410181DF53}.Debug|Any CPU.Build.0 = Debug|Any CPU
		{73404433-867F-4FB4-ADFC-02410181DF53}.Release|Any CPU.ActiveCfg = Release|Any CPU
		{73404433-867F-4FB4-ADFC-02410181DF53}.Release|Any CPU.Build.0 = Release|Any CPU
	EndGlobalSection
	GlobalSection(SolutionProperties) = preSolution
		HideSolutionNode = FALSE
	EndGlobalSection
	GlobalSection(ExtensibilityGlobals) = postSolution
		SolutionGuid = {AA41DE6D-BB08-4940-818E-0E14052E6702}
	EndGlobalSection
EndGlobal
