
Microsoft Visual Studio Solution File, Format Version 12.00
# Visual Studio Version 17
VisualStudioVersion = 17.1.32421.90
MinimumVisualStudioVersion = 10.0.40219.1
Project("{FAE04EC0-301F-11D3-BF4B-00C04F79EFBC}") = "ServiceWebApp", "ServiceWebApp\ServiceWebApp.csproj", "{797930F9-AA2F-4A15-9879-81E86B3BEE87}"
EndProject
Project("{FAE04EC0-301F-11D3-BF4B-00C04F79EFBC}") = "SimpleTimeoutTest", "SimpleTimeoutTest\SimpleTimeoutTest.csproj", "{07E97474-0138-4BD5-A7CD-E4C9C61A8D24}"
EndProject
Global
	GlobalSection(SolutionConfigurationPlatforms) = preSolution
		Debug|Any CPU = Debug|Any CPU
		Release|Any CPU = Release|Any CPU
	EndGlobalSection
	GlobalSection(ProjectConfigurationPlatforms) = postSolution
		{797930F9-AA2F-4A15-9879-81E86B3BEE87}.Debug|Any CPU.ActiveCfg = Debug|Any CPU
		{797930F9-AA2F-4A15-9879-81E86B3BEE87}.Debug|Any CPU.Build.0 = Debug|Any CPU
		{797930F9-AA2F-4A15-9879-81E86B3BEE87}.Release|Any CPU.ActiveCfg = Release|Any CPU
		{797930F9-AA2F-4A15-9879-81E86B3BEE87}.Release|Any CPU.Build.0 = Release|Any CPU
		{07E97474-0138-4BD5-A7CD-E4C9C61A8D24}.Debug|Any CPU.ActiveCfg = Debug|Any CPU
		{07E97474-0138-4BD5-A7CD-E4C9C61A8D24}.Debug|Any CPU.Build.0 = Debug|Any CPU
		{07E97474-0138-4BD5-A7CD-E4C9C61A8D24}.Release|Any CPU.ActiveCfg = Release|Any CPU
		{07E97474-0138-4BD5-A7CD-E4C9C61A8D24}.Release|Any CPU.Build.0 = Release|Any CPU
	EndGlobalSection
	GlobalSection(SolutionProperties) = preSolution
		HideSolutionNode = FALSE
	EndGlobalSection
	GlobalSection(ExtensibilityGlobals) = postSolution
		SolutionGuid = {5D5A25A4-71BF-444D-B373-F90C50B02674}
	EndGlobalSection
EndGlobal
