
Microsoft Visual Studio Solution File, Format Version 12.00
# Visual Studio Version 17
VisualStudioVersion = 17.12.35707.178
MinimumVisualStudioVersion = 10.0.40219.1
Project("{FAE04EC0-301F-11D3-BF4B-00C04F79EFBC}") = "legacy_dbaccess", "legacy_dbaccess\legacy_dbaccess.csproj", "{EC51E177-65AF-4EA1-A83D-9F34079A9B20}"
EndProject
Project("{FAE04EC0-301F-11D3-BF4B-00C04F79EFBC}") = "creating_foxdbaccess", "creating_foxdbaccess\creating_foxdbaccess.csproj", "{B94638C5-D756-48A8-B810-1DCE9208305F}"
EndProject
Project("{FAE04EC0-301F-11D3-BF4B-00C04F79EFBC}") = "executing_command", "executing_command\executing_command.csproj", "{755D801F-1FD9-4863-95B4-C5D9B5DE7840}"
EndProject
Project("{FAE04EC0-301F-11D3-BF4B-00C04F79EFBC}") = "transaction_management", "transaction_management\transaction_management.csproj", "{E05A75F5-2B87-4FB0-945B-93EB987E33D7}"
EndProject
Project("{FAE04EC0-301F-11D3-BF4B-00C04F79EFBC}") = "db_parameters", "db_parameters\db_parameters.csproj", "{350EBF01-4844-475F-969D-BACA886CC6F1}"
EndProject
Global
	GlobalSection(SolutionConfigurationPlatforms) = preSolution
		Debug|Any CPU = Debug|Any CPU
		Release|Any CPU = Release|Any CPU
	EndGlobalSection
	GlobalSection(ProjectConfigurationPlatforms) = postSolution
		{EC51E177-65AF-4EA1-A83D-9F34079A9B20}.Debug|Any CPU.ActiveCfg = Debug|Any CPU
		{EC51E177-65AF-4EA1-A83D-9F34079A9B20}.Debug|Any CPU.Build.0 = Debug|Any CPU
		{EC51E177-65AF-4EA1-A83D-9F34079A9B20}.Release|Any CPU.ActiveCfg = Release|Any CPU
		{EC51E177-65AF-4EA1-A83D-9F34079A9B20}.Release|Any CPU.Build.0 = Release|Any CPU
		{B94638C5-D756-48A8-B810-1DCE9208305F}.Debug|Any CPU.ActiveCfg = Debug|Any CPU
		{B94638C5-D756-48A8-B810-1DCE9208305F}.Debug|Any CPU.Build.0 = Debug|Any CPU
		{B94638C5-D756-48A8-B810-1DCE9208305F}.Release|Any CPU.ActiveCfg = Release|Any CPU
		{B94638C5-D756-48A8-B810-1DCE9208305F}.Release|Any CPU.Build.0 = Release|Any CPU
		{755D801F-1FD9-4863-95B4-C5D9B5DE7840}.Debug|Any CPU.ActiveCfg = Debug|Any CPU
		{755D801F-1FD9-4863-95B4-C5D9B5DE7840}.Debug|Any CPU.Build.0 = Debug|Any CPU
		{755D801F-1FD9-4863-95B4-C5D9B5DE7840}.Release|Any CPU.ActiveCfg = Release|Any CPU
		{755D801F-1FD9-4863-95B4-C5D9B5DE7840}.Release|Any CPU.Build.0 = Release|Any CPU
		{E05A75F5-2B87-4FB0-945B-93EB987E33D7}.Debug|Any CPU.ActiveCfg = Debug|Any CPU
		{E05A75F5-2B87-4FB0-945B-93EB987E33D7}.Debug|Any CPU.Build.0 = Debug|Any CPU
		{E05A75F5-2B87-4FB0-945B-93EB987E33D7}.Release|Any CPU.ActiveCfg = Release|Any CPU
		{E05A75F5-2B87-4FB0-945B-93EB987E33D7}.Release|Any CPU.Build.0 = Release|Any CPU
		{350EBF01-4844-475F-969D-BACA886CC6F1}.Debug|Any CPU.ActiveCfg = Debug|Any CPU
		{350EBF01-4844-475F-969D-BACA886CC6F1}.Debug|Any CPU.Build.0 = Debug|Any CPU
		{350EBF01-4844-475F-969D-BACA886CC6F1}.Release|Any CPU.ActiveCfg = Release|Any CPU
		{350EBF01-4844-475F-969D-BACA886CC6F1}.Release|Any CPU.Build.0 = Release|Any CPU
	EndGlobalSection
	GlobalSection(SolutionProperties) = preSolution
		HideSolutionNode = FALSE
	EndGlobalSection
	GlobalSection(ExtensibilityGlobals) = postSolution
		SolutionGuid = {266931B5-96FA-4D56-A6AE-C35E8579136E}
	EndGlobalSection
EndGlobal
