
Microsoft Visual Studio Solution File, Format Version 12.00
# Visual Studio 15
VisualStudioVersion = 15.0.28307.168
MinimumVisualStudioVersion = 10.0.40219.1
Project("{FAE04EC0-301F-11D3-BF4B-00C04F79EFBC}") = "ProgressWithoutFoxForm", "ProgressWithoutFoxForm.csproj", "{F276A6D9-FB0B-4832-BF7E-913DF4F83DB1}"
EndProject
Global
	GlobalSection(SolutionConfigurationPlatforms) = preSolution
		Debug|Any CPU = Debug|Any CPU
		Release|Any CPU = Release|Any CPU
	EndGlobalSection
	GlobalSection(ProjectConfigurationPlatforms) = postSolution
		{F276A6D9-FB0B-4832-BF7E-913DF4F83DB1}.Debug|Any CPU.ActiveCfg = Debug|Any CPU
		{F276A6D9-FB0B-4832-BF7E-913DF4F83DB1}.Debug|Any CPU.Build.0 = Debug|Any CPU
		{F276A6D9-FB0B-4832-BF7E-913DF4F83DB1}.Release|Any CPU.ActiveCfg = Release|Any CPU
		{F276A6D9-FB0B-4832-BF7E-913DF4F83DB1}.Release|Any CPU.Build.0 = Release|Any CPU
	EndGlobalSection
	GlobalSection(SolutionProperties) = preSolution
		HideSolutionNode = FALSE
	EndGlobalSection
	GlobalSection(ExtensibilityGlobals) = postSolution
		SolutionGuid = {50F5496E-569C-4E1C-980F-F57BF697C210}
	EndGlobalSection
EndGlobal
